
Microsoft Visual Studio Solution File, Format Version 12.00
# Visual Studio Version 17
VisualStudioVersion = 17.14.36401.2 d17.14
MinimumVisualStudioVersion = 10.0.40219.1
Project("{FAE04EC0-301F-11D3-BF4B-00C04F79EFBC}") = "poo2_poject_mvc", "poo2_poject_mvc.csproj", "{9152CAF9-E305-4530-AEC3-C08566EC9CD2}"
EndProject
Global
	GlobalSection(SolutionConfigurationPlatforms) = preSolution
		Debug|Any CPU = Debug|Any CPU
		Release|Any CPU = Release|Any CPU
	EndGlobalSection
	GlobalSection(ProjectConfigurationPlatforms) = postSolution
		{9152CAF9-E305-4530-AEC3-C08566EC9CD2}.Debug|Any CPU.ActiveCfg = Debug|Any CPU
		{9152CAF9-E305-4530-AEC3-C08566EC9CD2}.Debug|Any CPU.Build.0 = Debug|Any CPU
		{9152CAF9-E305-4530-AEC3-C08566EC9CD2}.Release|Any CPU.ActiveCfg = Release|Any CPU
		{9152CAF9-E305-4530-AEC3-C08566EC9CD2}.Release|Any CPU.Build.0 = Release|Any CPU
	EndGlobalSection
	GlobalSection(SolutionProperties) = preSolution
		HideSolutionNode = FALSE
	EndGlobalSection
	GlobalSection(ExtensibilityGlobals) = postSolution
		SolutionGuid = {0131A7A0-F914-4B53-ABFA-0005EA473D28}
	EndGlobalSection
EndGlobal
